
Microsoft Visual Studio Solution File, Format Version 12.00
# Visual Studio Version 16
VisualStudioVersion = 25.0.1706.3
MinimumVisualStudioVersion = 10.0.40219.1
Project("{FAE04EC0-301F-11D3-BF4B-00C04F79EFBC}") = "CompanyEmployees", "CompanyEmployees\CompanyEmployees.csproj", "{0D12A396-442B-4973-90EE-81FC32917A18}"
EndProject
Project("{FAE04EC0-301F-11D3-BF4B-00C04F79EFBC}") = "Contracts", "Contracts\Contracts.csproj", "{FEA39039-1007-4EE3-B3E4-312694D3AB01}"
EndProject
Project("{FAE04EC0-301F-11D3-BF4B-00C04F79EFBC}") = "LoggerService", "LoggerService\LoggerService.csproj", "{99B6ABAC-F621-42C6-A568-01ED6684919D}"
EndProject
Project("{FAE04EC0-301F-11D3-BF4B-00C04F79EFBC}") = "Entities", "Entities\Entities.csproj", "{9507362C-B6B9-4753-9466-B5B5935787F0}"
EndProject
Project("{FAE04EC0-301F-11D3-BF4B-00C04F79EFBC}") = "Repository", "Repository\Repository.csproj", "{1491EE39-3540-414B-9B89-F981840F809F}"
EndProject
Global
	GlobalSection(SolutionConfigurationPlatforms) = preSolution
		Debug|Any CPU = Debug|Any CPU
		Release|Any CPU = Release|Any CPU
	EndGlobalSection
	GlobalSection(ProjectConfigurationPlatforms) = postSolution
		{0D12A396-442B-4973-90EE-81FC32917A18}.Debug|Any CPU.ActiveCfg = Debug|Any CPU
		{0D12A396-442B-4973-90EE-81FC32917A18}.Debug|Any CPU.Build.0 = Debug|Any CPU
		{0D12A396-442B-4973-90EE-81FC32917A18}.Release|Any CPU.ActiveCfg = Release|Any CPU
		{0D12A396-442B-4973-90EE-81FC32917A18}.Release|Any CPU.Build.0 = Release|Any CPU
		{FEA39039-1007-4EE3-B3E4-312694D3AB01}.Debug|Any CPU.ActiveCfg = Debug|Any CPU
		{FEA39039-1007-4EE3-B3E4-312694D3AB01}.Debug|Any CPU.Build.0 = Debug|Any CPU
		{FEA39039-1007-4EE3-B3E4-312694D3AB01}.Release|Any CPU.ActiveCfg = Release|Any CPU
		{FEA39039-1007-4EE3-B3E4-312694D3AB01}.Release|Any CPU.Build.0 = Release|Any CPU
		{99B6ABAC-F621-42C6-A568-01ED6684919D}.Debug|Any CPU.ActiveCfg = Debug|Any CPU
		{99B6ABAC-F621-42C6-A568-01ED6684919D}.Debug|Any CPU.Build.0 = Debug|Any CPU
		{99B6ABAC-F621-42C6-A568-01ED6684919D}.Release|Any CPU.ActiveCfg = Release|Any CPU
		{99B6ABAC-F621-42C6-A568-01ED6684919D}.Release|Any CPU.Build.0 = Release|Any CPU
		{9507362C-B6B9-4753-9466-B5B5935787F0}.Debug|Any CPU.ActiveCfg = Debug|Any CPU
		{9507362C-B6B9-4753-9466-B5B5935787F0}.Debug|Any CPU.Build.0 = Debug|Any CPU
		{9507362C-B6B9-4753-9466-B5B5935787F0}.Release|Any CPU.ActiveCfg = Release|Any CPU
		{9507362C-B6B9-4753-9466-B5B5935787F0}.Release|Any CPU.Build.0 = Release|Any CPU
		{1491EE39-3540-414B-9B89-F981840F809F}.Debug|Any CPU.ActiveCfg = Debug|Any CPU
		{1491EE39-3540-414B-9B89-F981840F809F}.Debug|Any CPU.Build.0 = Debug|Any CPU
		{1491EE39-3540-414B-9B89-F981840F809F}.Release|Any CPU.ActiveCfg = Release|Any CPU
		{1491EE39-3540-414B-9B89-F981840F809F}.Release|Any CPU.Build.0 = Release|Any CPU
	EndGlobalSection
	GlobalSection(SolutionProperties) = preSolution
		HideSolutionNode = FALSE
	EndGlobalSection
	GlobalSection(ExtensibilityGlobals) = postSolution
		SolutionGuid = {16DE4748-8932-4268-BD25-7D839E8812FF}
	EndGlobalSection
EndGlobal
